
Microsoft Visual Studio Solution File, Format Version 12.00
# Visual Studio Version 16
VisualStudioVersion = 16.0.32002.261
MinimumVisualStudioVersion = 10.0.40219.1
Project("{FAE04EC0-301F-11D3-BF4B-00C04F79EFBC}") = "DCSA", "DCSA\DCSA.csproj", "{F222759B-94E8-4BD7-B194-4511E2CAFCF7}"
EndProject
Global
	GlobalSection(SolutionConfigurationPlatforms) = preSolution
		Debug|Any CPU = Debug|Any CPU
		Release|Any CPU = Release|Any CPU
	EndGlobalSection
	GlobalSection(ProjectConfigurationPlatforms) = postSolution
		{F222759B-94E8-4BD7-B194-4511E2CAFCF7}.Debug|Any CPU.ActiveCfg = Debug|Any CPU
		{F222759B-94E8-4BD7-B194-4511E2CAFCF7}.Debug|Any CPU.Build.0 = Debug|Any CPU
		{F222759B-94E8-4BD7-B194-4511E2CAFCF7}.Release|Any CPU.ActiveCfg = Release|Any CPU
		{F222759B-94E8-4BD7-B194-4511E2CAFCF7}.Release|Any CPU.Build.0 = Release|Any CPU
	EndGlobalSection
	GlobalSection(SolutionProperties) = preSolution
		HideSolutionNode = FALSE
	EndGlobalSection
	GlobalSection(ExtensibilityGlobals) = postSolution
		SolutionGuid = {62CED72B-2FB0-4808-BBEF-C88E7D156190}
	EndGlobalSection
EndGlobal
